
Microsoft Visual Studio Solution File, Format Version 12.00
Project("{FAE04EC0-301F-11D3-BF4B-00C04F79EFBC}") = "L1356", "L1356\L1356.csproj", "{B537ECCA-5B6F-4984-8CF0-841AE92AEA23}"
EndProject
Global
	GlobalSection(SolutionConfigurationPlatforms) = preSolution
		Debug|Any CPU = Debug|Any CPU
		Release|Any CPU = Release|Any CPU
	EndGlobalSection
	GlobalSection(ProjectConfigurationPlatforms) = postSolution
		{B537ECCA-5B6F-4984-8CF0-841AE92AEA23}.Debug|Any CPU.ActiveCfg = Debug|Any CPU
		{B537ECCA-5B6F-4984-8CF0-841AE92AEA23}.Debug|Any CPU.Build.0 = Debug|Any CPU
		{B537ECCA-5B6F-4984-8CF0-841AE92AEA23}.Release|Any CPU.ActiveCfg = Release|Any CPU
		{B537ECCA-5B6F-4984-8CF0-841AE92AEA23}.Release|Any CPU.Build.0 = Release|Any CPU
	EndGlobalSection
EndGlobal
